
Microsoft Visual Studio Solution File, Format Version 12.00
# Visual Studio Version 17
VisualStudioVersion = 17.2.32526.322
MinimumVisualStudioVersion = 10.0.40219.1
Project("{9A19103F-16F7-4668-BE54-9A1E7A4F7556}") = "Task_003", "Task_003\Task_003.csproj", "{BAC87C98-B54F-4FA4-A70A-4946D2061CCC}"
EndProject
Project("{9A19103F-16F7-4668-BE54-9A1E7A4F7556}") = "Task_006", "Task_006\Task_006.csproj", "{0D5B5ACE-5BB1-456E-9457-99F14E06BE48}"
EndProject
Project("{9A19103F-16F7-4668-BE54-9A1E7A4F7556}") = "Task_002", "Task_002\Task_002.csproj", "{BEDDDC09-D440-48D2-A517-CCE98BFD6AB1}"
EndProject
Project("{FAE04EC0-301F-11D3-BF4B-00C04F79EFBC}") = "Task_004", "Task_004\Task_004.csproj", "{C50DD2D4-6FBB-49ED-B3B7-63035142A790}"
EndProject
Global
	GlobalSection(SolutionConfigurationPlatforms) = preSolution
		Debug|Any CPU = Debug|Any CPU
		Release|Any CPU = Release|Any CPU
	EndGlobalSection
	GlobalSection(ProjectConfigurationPlatforms) = postSolution
		{BAC87C98-B54F-4FA4-A70A-4946D2061CCC}.Debug|Any CPU.ActiveCfg = Debug|Any CPU
		{BAC87C98-B54F-4FA4-A70A-4946D2061CCC}.Debug|Any CPU.Build.0 = Debug|Any CPU
		{BAC87C98-B54F-4FA4-A70A-4946D2061CCC}.Release|Any CPU.ActiveCfg = Release|Any CPU
		{BAC87C98-B54F-4FA4-A70A-4946D2061CCC}.Release|Any CPU.Build.0 = Release|Any CPU
		{0D5B5ACE-5BB1-456E-9457-99F14E06BE48}.Debug|Any CPU.ActiveCfg = Debug|Any CPU
		{0D5B5ACE-5BB1-456E-9457-99F14E06BE48}.Debug|Any CPU.Build.0 = Debug|Any CPU
		{0D5B5ACE-5BB1-456E-9457-99F14E06BE48}.Release|Any CPU.ActiveCfg = Release|Any CPU
		{0D5B5ACE-5BB1-456E-9457-99F14E06BE48}.Release|Any CPU.Build.0 = Release|Any CPU
		{BEDDDC09-D440-48D2-A517-CCE98BFD6AB1}.Debug|Any CPU.ActiveCfg = Debug|Any CPU
		{BEDDDC09-D440-48D2-A517-CCE98BFD6AB1}.Debug|Any CPU.Build.0 = Debug|Any CPU
		{BEDDDC09-D440-48D2-A517-CCE98BFD6AB1}.Release|Any CPU.ActiveCfg = Release|Any CPU
		{BEDDDC09-D440-48D2-A517-CCE98BFD6AB1}.Release|Any CPU.Build.0 = Release|Any CPU
		{C50DD2D4-6FBB-49ED-B3B7-63035142A790}.Debug|Any CPU.ActiveCfg = Debug|Any CPU
		{C50DD2D4-6FBB-49ED-B3B7-63035142A790}.Debug|Any CPU.Build.0 = Debug|Any CPU
		{C50DD2D4-6FBB-49ED-B3B7-63035142A790}.Release|Any CPU.ActiveCfg = Release|Any CPU
		{C50DD2D4-6FBB-49ED-B3B7-63035142A790}.Release|Any CPU.Build.0 = Release|Any CPU
	EndGlobalSection
	GlobalSection(SolutionProperties) = preSolution
		HideSolutionNode = FALSE
	EndGlobalSection
	GlobalSection(ExtensibilityGlobals) = postSolution
		SolutionGuid = {F6F5C6D1-0959-4E35-A4A4-5D9BA9AD3750}
	EndGlobalSection
EndGlobal
